
Microsoft Visual Studio Solution File, Format Version 12.00
# Visual Studio 2012
Project("{FAE04EC0-301F-11D3-BF4B-00C04F79EFBC}") = "ChainOfResponsibility", "ChainOfResponsibility\ChainOfResponsibility.csproj", "{BA1A85E8-ECED-4B5B-AC25-66953ADD379B}"
EndProject
Project("{FAE04EC0-301F-11D3-BF4B-00C04F79EFBC}") = "ChainOfResponsibility2", "ChainOfResponsibility2\ChainOfResponsibility2.csproj", "{5A2DBAF6-BABD-4745-A16C-14EDEB7B529A}"
EndProject
Project("{FAE04EC0-301F-11D3-BF4B-00C04F79EFBC}") = "FactoryMethod1", "FactoryMethod1\FactoryMethod1.csproj", "{D7296038-743D-40F0-AAF4-D34B470EE2AD}"
EndProject
Project("{FAE04EC0-301F-11D3-BF4B-00C04F79EFBC}") = "Builder1", "Builder1\Builder1.csproj", "{AB2D9ADA-8B4D-4ED2-ADB5-C0F1AE52BAD2}"
EndProject
Project("{FAE04EC0-301F-11D3-BF4B-00C04F79EFBC}") = "Builder2", "Builder2\Builder2.csproj", "{ABE646EB-121C-44AD-B0D3-779CCC32D6D2}"
EndProject
Project("{FAE04EC0-301F-11D3-BF4B-00C04F79EFBC}") = "Composite", "Composite\Composite.csproj", "{354F60B0-7CBD-4F49-B1F5-ED7E5B1A8D3B}"
EndProject
Project("{FAE04EC0-301F-11D3-BF4B-00C04F79EFBC}") = "Command", "Command\Command.csproj", "{6C3FD097-29E4-4E2D-9C5F-61696C64F0CF}"
EndProject
Project("{FAE04EC0-301F-11D3-BF4B-00C04F79EFBC}") = "Command2", "Command2\Command2.csproj", "{3E276D5A-8F7B-464C-8032-EA8F679FBE4A}"
EndProject
Project("{FAE04EC0-301F-11D3-BF4B-00C04F79EFBC}") = "Iterator", "Iterator\Iterator.csproj", "{E7AE062A-98C2-43EF-8DC3-45CCC8D7DB8A}"
EndProject
Project("{FAE04EC0-301F-11D3-BF4B-00C04F79EFBC}") = "Generics1", "Generics1\Generics1.csproj", "{96AFA972-26BA-4F99-9AF3-4DCE6816A3D5}"
EndProject
Project("{FAE04EC0-301F-11D3-BF4B-00C04F79EFBC}") = "Generics2", "Generics2\Generics2.csproj", "{CAE2FC2F-71BA-4B32-9625-0A378233BAE6}"
EndProject
Project("{FAE04EC0-301F-11D3-BF4B-00C04F79EFBC}") = "InterviewCake", "InterviewCake\InterviewCake.csproj", "{7207B2DD-0CEA-4476-BF05-16D0573E33F4}"
EndProject
Project("{FAE04EC0-301F-11D3-BF4B-00C04F79EFBC}") = "Strategy1", "Strategy1\Strategy1.csproj", "{6E77EC21-C787-4B92-87EA-94A5141E60B4}"
EndProject
Project("{FAE04EC0-301F-11D3-BF4B-00C04F79EFBC}") = "Strategy2", "Strategy2\Strategy2.csproj", "{21E89483-EC85-4B57-9276-03F6C274C2B7}"
EndProject
Project("{FAE04EC0-301F-11D3-BF4B-00C04F79EFBC}") = "Proxy1", "Proxy1\Proxy1.csproj", "{85CBBA52-88AA-4000-AD9E-AA55A445DE8F}"
EndProject
Project("{FAE04EC0-301F-11D3-BF4B-00C04F79EFBC}") = "Proxy2", "Proxy2\Proxy2.csproj", "{45A0594A-535E-4CDA-A0DD-F1E8A257F36F}"
EndProject
Project("{FAE04EC0-301F-11D3-BF4B-00C04F79EFBC}") = "EventsAndDelegates", "EventsAndDelegates\EventsAndDelegates.csproj", "{DCD05FC9-6C4D-4107-94BB-147CC4D873BD}"
EndProject
Project("{FAE04EC0-301F-11D3-BF4B-00C04F79EFBC}") = "Singleton", "Singleton\Singleton.csproj", "{5C1B1594-FF02-4BA9-8DE7-556088488837}"
EndProject
Project("{FAE04EC0-301F-11D3-BF4B-00C04F79EFBC}") = "Decorator", "Decorator\Decorator.csproj", "{5DA27388-436D-4ADE-9E60-14D94E2343E8}"
EndProject
Project("{FAE04EC0-301F-11D3-BF4B-00C04F79EFBC}") = "Features", "Features\Features.csproj", "{C1AAB7A7-E293-49F7-A9C4-FDAD423C6911}"
EndProject
Project("{FAE04EC0-301F-11D3-BF4B-00C04F79EFBC}") = "VisitorPattern", "VisitorPattern\VisitorPattern.csproj", "{F2781451-3CA5-4FF0-9096-9B856B933E2C}"
EndProject
Global
	GlobalSection(SolutionConfigurationPlatforms) = preSolution
		Debug|x86 = Debug|x86
		Release|x86 = Release|x86
	EndGlobalSection
	GlobalSection(ProjectConfigurationPlatforms) = postSolution
		{BA1A85E8-ECED-4B5B-AC25-66953ADD379B}.Debug|x86.ActiveCfg = Debug|x86
		{BA1A85E8-ECED-4B5B-AC25-66953ADD379B}.Debug|x86.Build.0 = Debug|x86
		{BA1A85E8-ECED-4B5B-AC25-66953ADD379B}.Release|x86.ActiveCfg = Release|x86
		{BA1A85E8-ECED-4B5B-AC25-66953ADD379B}.Release|x86.Build.0 = Release|x86
		{5A2DBAF6-BABD-4745-A16C-14EDEB7B529A}.Debug|x86.ActiveCfg = Debug|x86
		{5A2DBAF6-BABD-4745-A16C-14EDEB7B529A}.Debug|x86.Build.0 = Debug|x86
		{5A2DBAF6-BABD-4745-A16C-14EDEB7B529A}.Release|x86.ActiveCfg = Release|x86
		{5A2DBAF6-BABD-4745-A16C-14EDEB7B529A}.Release|x86.Build.0 = Release|x86
		{D7296038-743D-40F0-AAF4-D34B470EE2AD}.Debug|x86.ActiveCfg = Debug|x86
		{D7296038-743D-40F0-AAF4-D34B470EE2AD}.Debug|x86.Build.0 = Debug|x86
		{D7296038-743D-40F0-AAF4-D34B470EE2AD}.Release|x86.ActiveCfg = Release|x86
		{D7296038-743D-40F0-AAF4-D34B470EE2AD}.Release|x86.Build.0 = Release|x86
		{AB2D9ADA-8B4D-4ED2-ADB5-C0F1AE52BAD2}.Debug|x86.ActiveCfg = Debug|Any CPU
		{AB2D9ADA-8B4D-4ED2-ADB5-C0F1AE52BAD2}.Debug|x86.Build.0 = Debug|Any CPU
		{AB2D9ADA-8B4D-4ED2-ADB5-C0F1AE52BAD2}.Release|x86.ActiveCfg = Release|Any CPU
		{AB2D9ADA-8B4D-4ED2-ADB5-C0F1AE52BAD2}.Release|x86.Build.0 = Release|Any CPU
		{ABE646EB-121C-44AD-B0D3-779CCC32D6D2}.Debug|x86.ActiveCfg = Debug|Any CPU
		{ABE646EB-121C-44AD-B0D3-779CCC32D6D2}.Debug|x86.Build.0 = Debug|Any CPU
		{ABE646EB-121C-44AD-B0D3-779CCC32D6D2}.Release|x86.ActiveCfg = Release|Any CPU
		{ABE646EB-121C-44AD-B0D3-779CCC32D6D2}.Release|x86.Build.0 = Release|Any CPU
		{354F60B0-7CBD-4F49-B1F5-ED7E5B1A8D3B}.Debug|x86.ActiveCfg = Debug|Any CPU
		{354F60B0-7CBD-4F49-B1F5-ED7E5B1A8D3B}.Debug|x86.Build.0 = Debug|Any CPU
		{354F60B0-7CBD-4F49-B1F5-ED7E5B1A8D3B}.Release|x86.ActiveCfg = Release|Any CPU
		{354F60B0-7CBD-4F49-B1F5-ED7E5B1A8D3B}.Release|x86.Build.0 = Release|Any CPU
		{6C3FD097-29E4-4E2D-9C5F-61696C64F0CF}.Debug|x86.ActiveCfg = Debug|x86
		{6C3FD097-29E4-4E2D-9C5F-61696C64F0CF}.Debug|x86.Build.0 = Debug|x86
		{6C3FD097-29E4-4E2D-9C5F-61696C64F0CF}.Release|x86.ActiveCfg = Release|x86
		{6C3FD097-29E4-4E2D-9C5F-61696C64F0CF}.Release|x86.Build.0 = Release|x86
		{3E276D5A-8F7B-464C-8032-EA8F679FBE4A}.Debug|x86.ActiveCfg = Debug|x86
		{3E276D5A-8F7B-464C-8032-EA8F679FBE4A}.Debug|x86.Build.0 = Debug|x86
		{3E276D5A-8F7B-464C-8032-EA8F679FBE4A}.Release|x86.ActiveCfg = Release|x86
		{3E276D5A-8F7B-464C-8032-EA8F679FBE4A}.Release|x86.Build.0 = Release|x86
		{E7AE062A-98C2-43EF-8DC3-45CCC8D7DB8A}.Debug|x86.ActiveCfg = Debug|x86
		{E7AE062A-98C2-43EF-8DC3-45CCC8D7DB8A}.Debug|x86.Build.0 = Debug|x86
		{E7AE062A-98C2-43EF-8DC3-45CCC8D7DB8A}.Release|x86.ActiveCfg = Release|x86
		{E7AE062A-98C2-43EF-8DC3-45CCC8D7DB8A}.Release|x86.Build.0 = Release|x86
		{96AFA972-26BA-4F99-9AF3-4DCE6816A3D5}.Debug|x86.ActiveCfg = Debug|x86
		{96AFA972-26BA-4F99-9AF3-4DCE6816A3D5}.Debug|x86.Build.0 = Debug|x86
		{96AFA972-26BA-4F99-9AF3-4DCE6816A3D5}.Release|x86.ActiveCfg = Release|x86
		{96AFA972-26BA-4F99-9AF3-4DCE6816A3D5}.Release|x86.Build.0 = Release|x86
		{CAE2FC2F-71BA-4B32-9625-0A378233BAE6}.Debug|x86.ActiveCfg = Debug|x86
		{CAE2FC2F-71BA-4B32-9625-0A378233BAE6}.Debug|x86.Build.0 = Debug|x86
		{CAE2FC2F-71BA-4B32-9625-0A378233BAE6}.Release|x86.ActiveCfg = Release|x86
		{CAE2FC2F-71BA-4B32-9625-0A378233BAE6}.Release|x86.Build.0 = Release|x86
		{7207B2DD-0CEA-4476-BF05-16D0573E33F4}.Debug|x86.ActiveCfg = Debug|x86
		{7207B2DD-0CEA-4476-BF05-16D0573E33F4}.Debug|x86.Build.0 = Debug|x86
		{7207B2DD-0CEA-4476-BF05-16D0573E33F4}.Release|x86.ActiveCfg = Release|x86
		{7207B2DD-0CEA-4476-BF05-16D0573E33F4}.Release|x86.Build.0 = Release|x86
		{6E77EC21-C787-4B92-87EA-94A5141E60B4}.Debug|x86.ActiveCfg = Debug|x86
		{6E77EC21-C787-4B92-87EA-94A5141E60B4}.Debug|x86.Build.0 = Debug|x86
		{6E77EC21-C787-4B92-87EA-94A5141E60B4}.Release|x86.ActiveCfg = Release|x86
		{6E77EC21-C787-4B92-87EA-94A5141E60B4}.Release|x86.Build.0 = Release|x86
		{21E89483-EC85-4B57-9276-03F6C274C2B7}.Debug|x86.ActiveCfg = Debug|x86
		{21E89483-EC85-4B57-9276-03F6C274C2B7}.Debug|x86.Build.0 = Debug|x86
		{21E89483-EC85-4B57-9276-03F6C274C2B7}.Release|x86.ActiveCfg = Release|x86
		{21E89483-EC85-4B57-9276-03F6C274C2B7}.Release|x86.Build.0 = Release|x86
		{85CBBA52-88AA-4000-AD9E-AA55A445DE8F}.Debug|x86.ActiveCfg = Debug|x86
		{85CBBA52-88AA-4000-AD9E-AA55A445DE8F}.Debug|x86.Build.0 = Debug|x86
		{85CBBA52-88AA-4000-AD9E-AA55A445DE8F}.Release|x86.ActiveCfg = Release|x86
		{85CBBA52-88AA-4000-AD9E-AA55A445DE8F}.Release|x86.Build.0 = Release|x86
		{45A0594A-535E-4CDA-A0DD-F1E8A257F36F}.Debug|x86.ActiveCfg = Debug|x86
		{45A0594A-535E-4CDA-A0DD-F1E8A257F36F}.Debug|x86.Build.0 = Debug|x86
		{45A0594A-535E-4CDA-A0DD-F1E8A257F36F}.Release|x86.ActiveCfg = Release|x86
		{45A0594A-535E-4CDA-A0DD-F1E8A257F36F}.Release|x86.Build.0 = Release|x86
		{DCD05FC9-6C4D-4107-94BB-147CC4D873BD}.Debug|x86.ActiveCfg = Debug|x86
		{DCD05FC9-6C4D-4107-94BB-147CC4D873BD}.Debug|x86.Build.0 = Debug|x86
		{DCD05FC9-6C4D-4107-94BB-147CC4D873BD}.Release|x86.ActiveCfg = Release|x86
		{DCD05FC9-6C4D-4107-94BB-147CC4D873BD}.Release|x86.Build.0 = Release|x86
		{5C1B1594-FF02-4BA9-8DE7-556088488837}.Debug|x86.ActiveCfg = Debug|x86
		{5C1B1594-FF02-4BA9-8DE7-556088488837}.Debug|x86.Build.0 = Debug|x86
		{5C1B1594-FF02-4BA9-8DE7-556088488837}.Release|x86.ActiveCfg = Release|x86
		{5C1B1594-FF02-4BA9-8DE7-556088488837}.Release|x86.Build.0 = Release|x86
		{5DA27388-436D-4ADE-9E60-14D94E2343E8}.Debug|x86.ActiveCfg = Debug|x86
		{5DA27388-436D-4ADE-9E60-14D94E2343E8}.Debug|x86.Build.0 = Debug|x86
		{5DA27388-436D-4ADE-9E60-14D94E2343E8}.Release|x86.ActiveCfg = Release|x86
		{5DA27388-436D-4ADE-9E60-14D94E2343E8}.Release|x86.Build.0 = Release|x86
		{C1AAB7A7-E293-49F7-A9C4-FDAD423C6911}.Debug|x86.ActiveCfg = Debug|x86
		{C1AAB7A7-E293-49F7-A9C4-FDAD423C6911}.Debug|x86.Build.0 = Debug|x86
		{C1AAB7A7-E293-49F7-A9C4-FDAD423C6911}.Release|x86.ActiveCfg = Release|x86
		{C1AAB7A7-E293-49F7-A9C4-FDAD423C6911}.Release|x86.Build.0 = Release|x86
		{F2781451-3CA5-4FF0-9096-9B856B933E2C}.Debug|x86.ActiveCfg = Debug|x86
		{F2781451-3CA5-4FF0-9096-9B856B933E2C}.Debug|x86.Build.0 = Debug|x86
		{F2781451-3CA5-4FF0-9096-9B856B933E2C}.Release|x86.ActiveCfg = Release|x86
		{F2781451-3CA5-4FF0-9096-9B856B933E2C}.Release|x86.Build.0 = Release|x86
	EndGlobalSection
EndGlobal
